
Microsoft Visual Studio Solution File, Format Version 12.00
# Visual Studio Version 17
VisualStudioVersion = 17.0.31919.166
MinimumVisualStudioVersion = 10.0.40219.1
Project("{2150E333-8FDC-42A3-9474-1A3956D46DE8}") = "Job", "Job", "{EA95BAF8-ECA6-40D8-BC12-E1F9C7A1B982}"
EndProject
Project("{2150E333-8FDC-42A3-9474-1A3956D46DE8}") = "API", "API", "{0CF40F61-8BE3-46A5-A730-EE03C831BFC1}"
EndProject
Project("{2150E333-8FDC-42A3-9474-1A3956D46DE8}") = "Domain", "Domain", "{F60962E4-83B2-4B72-A5BD-1E80E945753F}"
EndProject
Project("{2150E333-8FDC-42A3-9474-1A3956D46DE8}") = "DomainService", "DomainService", "{09AEAC6E-D3C4-4362-B47B-21A269BEA833}"
EndProject
Project("{2150E333-8FDC-42A3-9474-1A3956D46DE8}") = "Infrastructure", "Infrastructure", "{4D60057B-7C0F-402A-BDB2-1AB713F00474}"
EndProject
Project("{2150E333-8FDC-42A3-9474-1A3956D46DE8}") = "Test", "Test", "{43C035A2-87E8-4D10-BAD3-53840A658F24}"
EndProject
Project("{9A19103F-16F7-4668-BE54-9A1E7A4F7556}") = "NOV.ES.TAT.Job.UnitTest", "Job\NOV.ES.TAT.Job.Test\NOV.ES.TAT.Job.UnitTest.csproj", "{38F0B3DD-F1BE-4C3B-9260-C8DD2A220CAD}"
EndProject
Project("{9A19103F-16F7-4668-BE54-9A1E7A4F7556}") = "NOV.ES.TAT.Job.Infrastructure", "Job\NOV.ES.TAT.Job.Infrastructure\NOV.ES.TAT.Job.Infrastructure.csproj", "{D0DB3750-3EDE-4572-BE2C-6D0F6EEB128A}"
EndProject
Project("{9A19103F-16F7-4668-BE54-9A1E7A4F7556}") = "NOV.ES.TAT.Job.DomainService", "Job\NOV.ES.TAT.Job.DomainService\NOV.ES.TAT.Job.DomainService.csproj", "{D7DFAE99-56DD-480F-95C5-1D910F108647}"
EndProject
Project("{9A19103F-16F7-4668-BE54-9A1E7A4F7556}") = "NOV.ES.TAT.Job.Domain", "Job\NOV.ES.TAT.Job.Domain\NOV.ES.TAT.Job.Domain.csproj", "{3222F2BA-44AC-4DA9-BE86-20E6823C690A}"
EndProject
Project("{9A19103F-16F7-4668-BE54-9A1E7A4F7556}") = "NOV.ES.TAT.Job.API", "Job\NOV.ES.TAT.Job.API\NOV.ES.TAT.Job.API.csproj", "{5F490138-B3D3-4A1C-B222-F9B3E5A6BFF0}"
EndProject
Project("{2150E333-8FDC-42A3-9474-1A3956D46DE8}") = "Solution Items", "Solution Items", "{90E0134E-9972-4BEC-A388-F7624FF6B11D}"
	ProjectSection(SolutionItems) = preProject
		nuget.config = nuget.config
	EndProjectSection
EndProject
Global
	GlobalSection(SolutionConfigurationPlatforms) = preSolution
		Debug|Any CPU = Debug|Any CPU
		Release|Any CPU = Release|Any CPU
	EndGlobalSection
	GlobalSection(ProjectConfigurationPlatforms) = postSolution
		{38F0B3DD-F1BE-4C3B-9260-C8DD2A220CAD}.Debug|Any CPU.ActiveCfg = Debug|Any CPU
		{38F0B3DD-F1BE-4C3B-9260-C8DD2A220CAD}.Debug|Any CPU.Build.0 = Debug|Any CPU
		{38F0B3DD-F1BE-4C3B-9260-C8DD2A220CAD}.Release|Any CPU.ActiveCfg = Release|Any CPU
		{38F0B3DD-F1BE-4C3B-9260-C8DD2A220CAD}.Release|Any CPU.Build.0 = Release|Any CPU
		{D0DB3750-3EDE-4572-BE2C-6D0F6EEB128A}.Debug|Any CPU.ActiveCfg = Debug|Any CPU
		{D0DB3750-3EDE-4572-BE2C-6D0F6EEB128A}.Debug|Any CPU.Build.0 = Debug|Any CPU
		{D0DB3750-3EDE-4572-BE2C-6D0F6EEB128A}.Release|Any CPU.ActiveCfg = Release|Any CPU
		{D0DB3750-3EDE-4572-BE2C-6D0F6EEB128A}.Release|Any CPU.Build.0 = Release|Any CPU
		{D7DFAE99-56DD-480F-95C5-1D910F108647}.Debug|Any CPU.ActiveCfg = Debug|Any CPU
		{D7DFAE99-56DD-480F-95C5-1D910F108647}.Debug|Any CPU.Build.0 = Debug|Any CPU
		{D7DFAE99-56DD-480F-95C5-1D910F108647}.Release|Any CPU.ActiveCfg = Release|Any CPU
		{D7DFAE99-56DD-480F-95C5-1D910F108647}.Release|Any CPU.Build.0 = Release|Any CPU
		{3222F2BA-44AC-4DA9-BE86-20E6823C690A}.Debug|Any CPU.ActiveCfg = Debug|Any CPU
		{3222F2BA-44AC-4DA9-BE86-20E6823C690A}.Debug|Any CPU.Build.0 = Debug|Any CPU
		{3222F2BA-44AC-4DA9-BE86-20E6823C690A}.Release|Any CPU.ActiveCfg = Release|Any CPU
		{3222F2BA-44AC-4DA9-BE86-20E6823C690A}.Release|Any CPU.Build.0 = Release|Any CPU
		{5F490138-B3D3-4A1C-B222-F9B3E5A6BFF0}.Debug|Any CPU.ActiveCfg = Debug|Any CPU
		{5F490138-B3D3-4A1C-B222-F9B3E5A6BFF0}.Debug|Any CPU.Build.0 = Debug|Any CPU
		{5F490138-B3D3-4A1C-B222-F9B3E5A6BFF0}.Release|Any CPU.ActiveCfg = Release|Any CPU
		{5F490138-B3D3-4A1C-B222-F9B3E5A6BFF0}.Release|Any CPU.Build.0 = Release|Any CPU
	EndGlobalSection
	GlobalSection(SolutionProperties) = preSolution
		HideSolutionNode = FALSE
	EndGlobalSection
	GlobalSection(NestedProjects) = preSolution
		{0CF40F61-8BE3-46A5-A730-EE03C831BFC1} = {EA95BAF8-ECA6-40D8-BC12-E1F9C7A1B982}
		{F60962E4-83B2-4B72-A5BD-1E80E945753F} = {EA95BAF8-ECA6-40D8-BC12-E1F9C7A1B982}
		{09AEAC6E-D3C4-4362-B47B-21A269BEA833} = {EA95BAF8-ECA6-40D8-BC12-E1F9C7A1B982}
		{4D60057B-7C0F-402A-BDB2-1AB713F00474} = {EA95BAF8-ECA6-40D8-BC12-E1F9C7A1B982}
		{43C035A2-87E8-4D10-BAD3-53840A658F24} = {EA95BAF8-ECA6-40D8-BC12-E1F9C7A1B982}
		{38F0B3DD-F1BE-4C3B-9260-C8DD2A220CAD} = {43C035A2-87E8-4D10-BAD3-53840A658F24}
		{D0DB3750-3EDE-4572-BE2C-6D0F6EEB128A} = {4D60057B-7C0F-402A-BDB2-1AB713F00474}
		{D7DFAE99-56DD-480F-95C5-1D910F108647} = {09AEAC6E-D3C4-4362-B47B-21A269BEA833}
		{3222F2BA-44AC-4DA9-BE86-20E6823C690A} = {F60962E4-83B2-4B72-A5BD-1E80E945753F}
		{5F490138-B3D3-4A1C-B222-F9B3E5A6BFF0} = {0CF40F61-8BE3-46A5-A730-EE03C831BFC1}
	EndGlobalSection
	GlobalSection(ExtensibilityGlobals) = postSolution
		SolutionGuid = {392660D3-2CF3-4FB1-9410-E85FB34F44E3}
	EndGlobalSection
EndGlobal
